{
  "name": "demo",
  "version": "1.0.0",
  "lockfileVersion": 1,
  "requires": true,
  "dependencies": {
    "anymatch": {
      "version": "2.0.0",
      "resolved": "https://registry.npmjs.org/anymatch/-/anymatch-2.0.0.tgz",
      "integrity": "sha512-5teOsQWABXHHBFP9y3skS5P3d/WfWXpv3FUpy+LorMrNYaT9pI4oLMQX7jzQ2KklNpGpWHzdCXTDT2Y3XGlZBw==",
      "dev": true
    },
    "async-each": {
      "version": "1.0.1",
      "resolved": "https://registry.npmjs.org/async-each/-/async-each-1.0.1.tgz",
      "integrity": "sha1-GdOGodntxufByF04iu28xW0zYC0=",
      "dev": true
    },
    "bindings": {
      "version": "1.5.0",
      "resolved": "https://registry.npmjs.org/bindings/-/bindings-1.5.0.tgz",
      "integrity": "sha512-p2q/t/mhvuOj/UeLlV6566GD/guowlr0hHxClI0W9m7MWYkL1F0hLo+0Aexs9HSPCtR1SXQ0TD3MMKrXZajbiQ==",
      "dev": true,
      "optional": true,
      "requires": {
        "file-uri-to-path": "1.0.0"
      }
    },
    "braces": {
      "version": "2.3.2",
      "resolved": "https://registry.npmjs.org/braces/-/braces-2.3.2.tgz",
      "integrity": "sha512-aNdbnj9P8PjdXU4ybaWLK2IF3jc/EoDYbC7AazW6to3TRsfXxscC9UXOB5iDiEQrkyIbWp2SLQda4+QAa7nc3w==",
      "dev": true,
      "dependencies": {
        "extend-shallow": {
          "version": "2.0.1",
          "resolved": "https://registry.npmjs.org/extend-shallow/-/extend-shallow-2.0.1.tgz",
          "integrity": "sha1-Ua99YUrZqfYQ6huvu5idaxxWiQ8="
        }
      }
    },
    "file-uri-to-path": {
      "version": "1.0.0",
      "resolved": "https://registry.npmjs.org/file-uri-to-path/-/file-uri-to-path-1.0.0.tgz",
      "integrity": "sha512-0Zt+s3L7Vf1biwWZ29aARiVYLx7iMGnEUl9x33fbB/j3jR81u/O2LbqK+Bm1CDSNDKVtJ/YjwY7TUd5SkeLQLw==",
      "dev": true,
      "optional": true
    },
    "fsevents": {
      "version": "1.2.13",
      "resolved": "https://registry.npmjs.org/fsevents/-/fsevents-1.2.13.tgz",
      "integrity": "sha512-oWb1Z6mkHIskLzEJ/XWX0srkpkTQ7vaopMQkyaEIoq0fmtFVxOthb8cCxeT+p3ynTdkk/RZwbgG4brR5BeWECw==",
      "dev": true,
      "optional": true,
      "requires": {
        "bindings": "^1.5.0",
        "nan": "^2.12.1"
      },
      "dependencies": {
        "nan": {
          "version": "2.18.0",
          "resolved": "https://registry.npmjs.org/nan/-/nan-2.18.0.tgz",
          "integrity": "sha512-W7tfG7vMOGtD30sHoZSSc/JVYiyDPEyQVso/Zz+/uQd0B0L46gtC+pHha5FFMRpil6fm/AoEcRWyOVi4+E/f8w==",
          "dev": true,
          "optional": true
        }
      }
    },
    "glob-parent": {
      "version": "3.1.0",
      "resolved": "https://registry.npmjs.org/glob-parent/-/glob-parent-3.1.0.tgz",
      "integrity": "sha1-nmr2KZ2NO9K9QEMIMr0RPfkGxa4=",
      "dev": true,
      "dependencies": {
        "is-glob": {
          "version": "3.1.0",
          "resolved": "https://registry.npmjs.org/is-glob/-/is-glob-3.1.0.tgz",
          "integrity": "sha1-e6WuJCF4BKxwcHuWkiVnSGzD6Eo="
        }
      }
    },
    "graceful-fs": {
      "version": "4.1.11",
      "resolved": "https://registry.npmjs.org/graceful-fs/-/graceful-fs-4.1.11.tgz",
      "integrity": "sha1-Dovf5NHduIVNZOBOp8AOKgJuVlg=",
      "dev": true
    },
    "ignore-by-default": {
      "version": "1.0.1",
      "resolved": "https://registry.npmjs.org/ignore-by-default/-/ignore-by-default-1.0.1.tgz",
      "integrity": "sha1-SMptcvbGo68Aqa1K5odr44ieKwk=",
      "dev": true
    },
    "inherits": {
      "version": "2.0.3",
      "resolved": "https://registry.npmjs.org/inherits/-/inherits-2.0.3.tgz",
      "integrity": "sha1-Yzwsg+PaQqUC9SRmAiSA9CCCYd4=",
      "dev": true
    },
    "is-binary-path": {
      "version": "1.0.1",
      "resolved": "https://registry.npmjs.org/is-binary-path/-/is-binary-path-1.0.1.tgz",
      "integrity": "sha1-dfFmQrSA8YenEcgUFh/TpKdlWJg=",
      "dev": true
    },
    "is-glob": {
      "version": "4.0.0",
      "resolved": "https://registry.npmjs.org/is-glob/-/is-glob-4.0.0.tgz",
      "integrity": "sha1-lSHHaEXMJhCoUgPd8ICpWML/q8A=",
      "dev": true
    },
    "micromatch": {
      "version": "3.1.10",
      "resolved": "https://registry.npmjs.org/micromatch/-/micromatch-3.1.10.tgz",
      "integrity": "sha512-MWikgl9n9M3w+bpsY3He8L+w9eF9338xRl8IAO5viDizwSzziFEyUzo2xrrloB64ADbTf8uA8vRqqttDTOmccg==",
      "dev": true
    },
    "minimatch": {
      "version": "3.0.4",
      "resolved": "https://registry.npmjs.org/minimatch/-/minimatch-3.0.4.tgz",
      "integrity": "sha512-yJHVQEhyqPLUTgt9B83PXu6W3rx4MvvHvSUvToogpwoGDOUQ+yDrR0HRot+yOCdCO7u4hX3pWft6kWBBcqh0UA==",
      "dev": true
    },
    "nodemon": {
      "version": "1.19.4",
      "resolved": "https://registry.npmjs.org/nodemon/-/nodemon-1.19.4.tgz",
      "integrity": "sha512-VGPaqQBNk193lrJFotBU8nvWZPqEZY2eIzymy2jjY0fJ9qIsxA0sxQ8ATPl0gZC645gijYEc1jtZvpS8QWzJGQ==",
      "dev": true,
      "requires": {
        "chokidar": "^2.1.8",
        "debug": "^3.2.6",
        "ignore-by-default": "^1.0.1",
        "minimatch": "^3.0.4",
        "pstree.remy": "^1.1.7",
        "semver": "^5.7.1",
        "supports-color": "^5.5.0",
        "touch": "^3.1.0",
        "undefsafe": "^2.0.2",
        "update-notifier": "^2.5.0"
      },
      "dependencies": {
        "chokidar": {
          "version": "2.1.8",
          "resolved": "https://registry.npmjs.org/chokidar/-/chokidar-2.1.8.tgz",
          "integrity": "sha512-ZmZUazfOzf0Nve7duiCKD23PFSCs4JPoYyccjUFF3aQkQadqBhfzhjkwBH2mNOG9cTBwhamM37EIsIkZw3nRgg==",
          "dev": true,
          "requires": {
            "anymatch": "^2.0.0",
            "async-each": "^1.0.1",
            "braces": "^2.3.2",
            "fsevents": "^1.2.7",
            "glob-parent": "^3.1.0",
            "inherits": "^2.0.3",
            "is-binary-path": "^1.0.0",
            "is-glob": "^4.0.0",
            "normalize-path": "^3.0.0",
            "path-is-absolute": "^1.0.0",
            "readdirp": "^2.2.1",
            "upath": "^1.1.1"
          }
        },
        "debug": {
          "version": "3.2.7",
          "resolved": "https://registry.npmjs.org/debug/-/debug-3.2.7.tgz",
          "integrity": "sha512-CFjzYYAi4ThfiQvizrFQevTTXHtnCqWfe7x1AhgEscTz6ZbLbfoLRLPugTQyBth6f8ZERVUSyWHFD/7Wu4t1XQ==",
          "dev": true,
          "requires": {
            "ms": "^2.1.1"
          }
        },
        "ms": {
          "version": "2.1.3",
          "resolved": "https://registry.npmjs.org/ms/-/ms-2.1.3.tgz",
          "integrity": "sha512-6FlzubTLZG3J2a/NVCAleEhjzq5oxgHyaCU9yYXvcLsvoVaHJq/s5xXI6/XXP6tz7R9xAOtHnSO/tXtF3WRTlA==",
          "dev": true
        },
        "normalize-path": {
          "version": "3.0.0",
          "resolved": "https://registry.npmjs.org/normalize-path/-/normalize-path-3.0.0.tgz",
          "integrity": "sha512-6eZs5Ls3WtCisHWp9S2GUy8dqkpGi4BVSz3GaqiE6ezub0512ESztXUwUB6C6IKbQkY2Pnb/mD4WYojCRwcwLA==",
          "dev": true
        },
        "pstree.remy": {
          "version": "1.1.8",
          "resolved": "https://registry.npmjs.org/pstree.remy/-/pstree.remy-1.1.8.tgz",
          "integrity": "sha512-77DZwxQmxKnu3aR542U+X8FypNzbfJ+C5XQDk3uWjWxn6151aIMGthWYRXTqT1E5oJvg+ljaa2OJi+VfvCOQ8w==",
          "dev": true
        },
        "readdirp": {
          "version": "2.2.1",
          "resolved": "https://registry.npmjs.org/readdirp/-/readdirp-2.2.1.tgz",
          "integrity": "sha512-1JU/8q+VgFZyxwrJ+SVIOsh+KywWGpds3NTqikiKpDMZWScmAYyKIgqkO+ARvNWJfXeXR1zxz7aHF4u4CyH6vQ==",
          "dev": true,
          "requires": {
            "graceful-fs": "^4.1.11",
            "micromatch": "^3.1.10",
            "readable-stream": "^2.0.2"
          }
        },
        "semver": {
          "version": "5.7.2",
          "resolved": "https://registry.npmjs.org/semver/-/semver-5.7.2.tgz",
          "integrity": "sha512-cBznnQ9KjJqU67B52RMC65CMarK2600WFnbkcaiwWq3xy/5haFJlshgnpjovMVJ+Hff49d8GEn0b87C5pDQ10g==",
          "dev": true
        },
        "upath": {
          "version": "1.2.0",
          "resolved": "https://registry.npmjs.org/upath/-/upath-1.2.0.tgz",
          "integrity": "sha512-aZwGpamFO61g3OlfT7OQCHqhGnW43ieH9WZeP7QxN/G/jS4jfqUkZxoryvJgVPEcrl5NL/ggHsSmLMHuH64Lhg==",
          "dev": true
        }
      }
    },
    "path-is-absolute": {
      "version": "1.0.1",
      "resolved": "https://registry.npmjs.org/path-is-absolute/-/path-is-absolute-1.0.1.tgz",
      "integrity": "sha1-F0uSaHNVNP+8es5r9TpanhtcX18=",
      "dev": true
    },
    "readable-stream": {
      "version": "2.3.6",
      "resolved": "https://registry.npmjs.org/readable-stream/-/readable-stream-2.3.6.tgz",
      "integrity": "sha512-tQtKA9WIAhBF3+VLAseyMqZeBjW0AHJoxOtYqSUZNJxauErmLbVm2FW1y+J/YA9dUrAC39ITejlZWhVIwawkKw==",
      "dev": true,
      "dependencies": {
        "isarray": {
          "version": "1.0.0",
          "resolved": "https://registry.npmjs.org/isarray/-/isarray-1.0.0.tgz",
          "integrity": "sha1-u5NdSFgsuhaMBoNJV6VKPgcSTxE="
        }
      }
    },
    "supports-color": {
      "version": "5.5.0",
      "resolved": "https://registry.npmjs.org/supports-color/-/supports-color-5.5.0.tgz",
      "integrity": "sha512-QjVjwdXIt408MIiAqCX4oUKsgU2EqAGzs2Ppkm4aQYbjm+ZEWEcW4SfFNTr4uMNZma0ey4f5lgLrkB0aX0QMow==",
      "dev": true
    },
    "touch": {
      "version": "3.1.0",
      "resolved": "https://registry.npmjs.org/touch/-/touch-3.1.0.tgz",
      "integrity": "sha512-WBx8Uy5TLtOSRtIq+M03/sKDrXCLHxwDcquSP2c43Le03/9serjQBIztjRz6FkJez9D/hleyAXTBGLwwZUw9lA==",
      "dev": true
    },
    "undefsafe": {
      "version": "2.0.2",
      "resolved": "https://registry.npmjs.org/undefsafe/-/undefsafe-2.0.2.tgz",
      "integrity": "sha1-Il9rngM3Zj4Njnz9aG/Cg2zKznY=",
      "dev": true
    },
    "update-notifier": {
      "version": "2.5.0",
      "resolved": "https://registry.npmjs.org/update-notifier/-/update-notifier-2.5.0.tgz",
      "integrity": "sha512-gwMdhgJHGuj/+wHJJs9e6PcCszpxR1b236igrOkUofGhqJuG+amlIKwApH1IW1WWl7ovZxsX49lMBWLxSdm5Dw==",
      "dev": true
    }
  }
}
